
Microsoft Visual Studio Solution File, Format Version 12.00
# Visual Studio 14
VisualStudioVersion = 14.0.25420.1
MinimumVisualStudioVersion = 10.0.40219.1
Project("{FAE04EC0-301F-11D3-BF4B-00C04F79EFBC}") = "KATApotter", "KATApotter\KATApotter.csproj", "{5E1D7DCF-E9FA-4147-A02E-459BD728B80B}"
EndProject
Project("{FAE04EC0-301F-11D3-BF4B-00C04F79EFBC}") = "KATApotterTests", "KATApotterTests\KATApotterTests.csproj", "{B61CDA8B-A599-4827-959D-A2188EC2B5EF}"
EndProject
Global
	GlobalSection(SolutionConfigurationPlatforms) = preSolution
		Debug|Any CPU = Debug|Any CPU
		Release|Any CPU = Release|Any CPU
	EndGlobalSection
	GlobalSection(ProjectConfigurationPlatforms) = postSolution
		{5E1D7DCF-E9FA-4147-A02E-459BD728B80B}.Debug|Any CPU.ActiveCfg = Debug|Any CPU
		{5E1D7DCF-E9FA-4147-A02E-459BD728B80B}.Debug|Any CPU.Build.0 = Debug|Any CPU
		{5E1D7DCF-E9FA-4147-A02E-459BD728B80B}.Release|Any CPU.ActiveCfg = Release|Any CPU
		{5E1D7DCF-E9FA-4147-A02E-459BD728B80B}.Release|Any CPU.Build.0 = Release|Any CPU
		{B61CDA8B-A599-4827-959D-A2188EC2B5EF}.Debug|Any CPU.ActiveCfg = Debug|Any CPU
		{B61CDA8B-A599-4827-959D-A2188EC2B5EF}.Debug|Any CPU.Build.0 = Debug|Any CPU
		{B61CDA8B-A599-4827-959D-A2188EC2B5EF}.Release|Any CPU.ActiveCfg = Release|Any CPU
		{B61CDA8B-A599-4827-959D-A2188EC2B5EF}.Release|Any CPU.Build.0 = Release|Any CPU
	EndGlobalSection
	GlobalSection(SolutionProperties) = preSolution
		HideSolutionNode = FALSE
	EndGlobalSection
EndGlobal
